{
  "name": "77529d52dec42238",
  "lockfileVersion": 3,
  "requires": true,
  "packages": {
    "": {
      "dependencies": {
        "create-flotilla": "file:../../../package/create-flotilla-0.1.0.tgz"
      }
    },
    "node_modules/create-flotilla": {
      "version": "0.1.0",
      "resolved": "file:../../../package/create-flotilla-0.1.0.tgz",
      "integrity": "sha512-wklV/Q+74TkR7aeKFoJzU14UWoI928HbHBrn3+36tUIGveOhNMSNZbLXiR4uwbsPxvWjefqu4BST1tyuyEKYTA==",
      "license": "MIT",
      "bin": {
        "create-flotilla": "bin/create-flotilla.mjs"
      },
      "engines": {
        "node": ">=18.0.0"
      }
    }
  }
}
